// !$*UTF8*$!
{
	archiveVersion = 1;
	classes = {
	};
	objectVersion = 46;
	objects = {

/* Begin PBXBuildFile section */
		B1A5F6201CD27E58009DDC6D /* StudyViewFlipsideViewController.swift in Sources */ = {isa = PBXBuildFile; fileRef = B1A5F61F1CD27E58009DDC6D /* StudyViewFlipsideViewController.swift */; };
		B1A5F6241CD28CA2009DDC6D /* ResultsScreenViewController.swift in Sources */ = {isa = PBXBuildFile; fileRef = B1A5F6231CD28CA2009DDC6D /* ResultsScreenViewController.swift */; };
		B1CC1BE41CC924EC0094A54D /* AppDelegate.swift in Sources */ = {isa = PBXBuildFile; fileRef = B1CC1BE31CC924EC0094A54D /* AppDelegate.swift */; };
		B1CC1BE61CC924EC0094A54D /* ViewController.swift in Sources */ = {isa = PBXBuildFile; fileRef = B1CC1BE51CC924EC0094A54D /* ViewController.swift */; };
		B1CC1BE91CC924EC0094A54D /* Main.storyboard in Resources */ = {isa = PBXBuildFile; fileRef = B1CC1BE71CC924EC0094A54D /* Main.storyboard */; };
		B1CC1BEB1CC924EC0094A54D /* Assets.xcassets in Resources */ = {isa = PBXBuildFile; fileRef = B1CC1BEA1CC924EC0094A54D /* Assets.xcassets */; };
		B1CC1BEE1CC924EC0094A54D /* LaunchScreen.storyboard in Resources */ = {isa = PBXBuildFile; fileRef = B1CC1BEC1CC924EC0094A54D /* LaunchScreen.storyboard */; };
		C7D2AF571CD2646F0087B77A /* MyStudyCardsViewController.swift in Sources */ = {isa = PBXBuildFile; fileRef = C7D2AF561CD2646F0087B77A /* MyStudyCardsViewController.swift */; };
		C7D2AF591CD264B60087B77A /* CreateAStudySessionViewController.swift in Sources */ = {isa = PBXBuildFile; fileRef = C7D2AF581CD264B60087B77A /* CreateAStudySessionViewController.swift */; };
		C7D2AF5B1CD264D40087B77A /* MyDecksViewController.swift in Sources */ = {isa = PBXBuildFile; fileRef = C7D2AF5A1CD264D40087B77A /* MyDecksViewController.swift */; };
		C7D2AF5D1CD264E90087B77A /* CreateADeckViewController.swift in Sources */ = {isa = PBXBuildFile; fileRef = C7D2AF5C1CD264E90087B77A /* CreateADeckViewController.swift */; };
		C7D2AF5F1CD265030087B77A /* CreateACardViewController.swift in Sources */ = {isa = PBXBuildFile; fileRef = C7D2AF5E1CD265030087B77A /* CreateACardViewController.swift */; };
		C7D2AF611CD265300087B77A /* StudyViewViewController.swift in Sources */ = {isa = PBXBuildFile; fileRef = C7D2AF601CD265300087B77A /* StudyViewViewController.swift */; };
		C7D2AF631CD26DAC0087B77A /* Utilities.swift in Sources */ = {isa = PBXBuildFile; fileRef = C7D2AF621CD26DAC0087B77A /* Utilities.swift */; };
/* End PBXBuildFile section */

/* Begin PBXFileReference section */
		B1A5F61F1CD27E58009DDC6D /* StudyViewFlipsideViewController.swift */ = {isa = PBXFileReference; fileEncoding = 4; lastKnownFileType = sourcecode.swift; path = StudyViewFlipsideViewController.swift; sourceTree = "<group>"; };
		B1A5F6231CD28CA2009DDC6D /* ResultsScreenViewController.swift */ = {isa = PBXFileReference; fileEncoding = 4; lastKnownFileType = sourcecode.swift; path = ResultsScreenViewController.swift; sourceTree = "<group>"; };
		B1CC1BE01CC924EC0094A54D /* MyStudyCards.app */ = {isa = PBXFileReference; explicitFileType = wrapper.application; includeInIndex = 0; path = MyStudyCards.app; sourceTree = BUILT_PRODUCTS_DIR; };
		B1CC1BE31CC924EC0094A54D /* AppDelegate.swift */ = {isa = PBXFileReference; lastKnownFileType = sourcecode.swift; path = AppDelegate.swift; sourceTree = "<group>"; };
		B1CC1BE51CC924EC0094A54D /* ViewController.swift */ = {isa = PBXFileReference; lastKnownFileType = sourcecode.swift; path = ViewController.swift; sourceTree = "<group>"; };
		B1CC1BE81CC924EC0094A54D /* Base */ = {isa = PBXFileReference; lastKnownFileType = file.storyboard; name = Base; path = Base.lproj/Main.storyboard; sourceTree = "<group>"; };
		B1CC1BEA1CC924EC0094A54D /* Assets.xcassets */ = {isa = PBXFileReference; lastKnownFileType = folder.assetcatalog; path = Assets.xcassets; sourceTree = "<group>"; };
		B1CC1BED1CC924EC0094A54D /* Base */ = {isa = PBXFileReference; lastKnownFileType = file.storyboard; name = Base; path = Base.lproj/LaunchScreen.storyboard; sourceTree = "<group>"; };
		B1CC1BEF1CC924EC0094A54D /* Info.plist */ = {isa = PBXFileReference; lastKnownFileType = text.plist.xml; path = Info.plist; sourceTree = "<group>"; };
		C7D2AF561CD2646F0087B77A /* MyStudyCardsViewController.swift */ = {isa = PBXFileReference; fileEncoding = 4; lastKnownFileType = sourcecode.swift; path = MyStudyCardsViewController.swift; sourceTree = "<group>"; };
		C7D2AF581CD264B60087B77A /* CreateAStudySessionViewController.swift */ = {isa = PBXFileReference; fileEncoding = 4; lastKnownFileType = sourcecode.swift; path = CreateAStudySessionViewController.swift; sourceTree = "<group>"; };
		C7D2AF5A1CD264D40087B77A /* MyDecksViewController.swift */ = {isa = PBXFileReference; fileEncoding = 4; lastKnownFileType = sourcecode.swift; path = MyDecksViewController.swift; sourceTree = "<group>"; };
		C7D2AF5C1CD264E90087B77A /* CreateADeckViewController.swift */ = {isa = PBXFileReference; fileEncoding = 4; lastKnownFileType = sourcecode.swift; path = CreateADeckViewController.swift; sourceTree = "<group>"; };
		C7D2AF5E1CD265030087B77A /* CreateACardViewController.swift */ = {isa = PBXFileReference; fileEncoding = 4; lastKnownFileType = sourcecode.swift; path = CreateACardViewController.swift; sourceTree = "<group>"; };
		C7D2AF601CD265300087B77A /* StudyViewViewController.swift */ = {isa = PBXFileReference; fileEncoding = 4; lastKnownFileType = sourcecode.swift; path = StudyViewViewController.swift; sourceTree = "<group>"; };
		C7D2AF621CD26DAC0087B77A /* Utilities.swift */ = {isa = PBXFileReference; fileEncoding = 4; lastKnownFileType = sourcecode.swift; path = Utilities.swift; sourceTree = "<group>"; };
/* End PBXFileReference section */

/* Begin PBXFrameworksBuildPhase section */
		B1CC1BDD1CC924EC0094A54D /* Frameworks */ = {
			isa = PBXFrameworksBuildPhase;
			buildActionMask = 2147483647;
			files = (
			);
			runOnlyForDeploymentPostprocessing = 0;
		};
/* End PBXFrameworksBuildPhase section */

/* Begin PBXGroup section */
		B1CC1BD71CC924EC0094A54D = {
			isa = PBXGroup;
			children = (
				B1CC1BE21CC924EC0094A54D /* MyStudyCards */,
				B1CC1BE11CC924EC0094A54D /* Products */,
			);
			sourceTree = "<group>";
		};
		B1CC1BE11CC924EC0094A54D /* Products */ = {
			isa = PBXGroup;
			children = (
				B1CC1BE01CC924EC0094A54D /* MyStudyCards.app */,
			);
			name = Products;
			sourceTree = "<group>";
		};
		B1CC1BE21CC924EC0094A54D /* MyStudyCards */ = {
			isa = PBXGroup;
			children = (
				B1CC1BE31CC924EC0094A54D /* AppDelegate.swift */,
				B1CC1BE51CC924EC0094A54D /* ViewController.swift */,
				B1CC1BE71CC924EC0094A54D /* Main.storyboard */,
				B1A5F6231CD28CA2009DDC6D /* ResultsScreenViewController.swift */,
				B1A5F61F1CD27E58009DDC6D /* StudyViewFlipsideViewController.swift */,
				B1CC1BEA1CC924EC0094A54D /* Assets.xcassets */,
				B1CC1BEC1CC924EC0094A54D /* LaunchScreen.storyboard */,
				B1CC1BEF1CC924EC0094A54D /* Info.plist */,
				C7D2AF561CD2646F0087B77A /* MyStudyCardsViewController.swift */,
				C7D2AF581CD264B60087B77A /* CreateAStudySessionViewController.swift */,
				C7D2AF5A1CD264D40087B77A /* MyDecksViewController.swift */,
				C7D2AF5C1CD264E90087B77A /* CreateADeckViewController.swift */,
				C7D2AF5E1CD265030087B77A /* CreateACardViewController.swift */,
				C7D2AF601CD265300087B77A /* StudyViewViewController.swift */,
				C7D2AF621CD26DAC0087B77A /* Utilities.swift */,
			);
			path = MyStudyCards;
			sourceTree = "<group>";
		};
/* End PBXGroup section */

/* Begin PBXNativeTarget section */
		B1CC1BDF1CC924EC0094A54D /* MyStudyCards */ = {
			isa = PBXNativeTarget;
			buildConfigurationList = B1CC1BF21CC924EC0094A54D /* Build configuration list for PBXNativeTarget "MyStudyCards" */;
			buildPhases = (
				B1CC1BDC1CC924EC0094A54D /* Sources */,
				B1CC1BDD1CC924EC0094A54D /* Frameworks */,
				B1CC1BDE1CC924EC0094A54D /* Resources */,
			);
			buildRules = (
			);
			dependencies = (
			);
			name = MyStudyCards;
			productName = MyStudyCards;
			productReference = B1CC1BE01CC924EC0094A54D /* MyStudyCards.app */;
			productType = "com.apple.product-type.application";
		};
/* End PBXNativeTarget section */

/* Begin PBXProject section */
		B1CC1BD81CC924EC0094A54D /* Project object */ = {
			isa = PBXProject;
			attributes = {
				LastSwiftUpdateCheck = 0730;
				LastUpgradeCheck = 0730;
				ORGANIZATIONNAME = "MSOE SE-4910i";
				TargetAttributes = {
					B1CC1BDF1CC924EC0094A54D = {
						CreatedOnToolsVersion = 7.3;
					};
				};
			};
			buildConfigurationList = B1CC1BDB1CC924EC0094A54D /* Build configuration list for PBXProject "MyStudyCards" */;
			compatibilityVersion = "Xcode 3.2";
			developmentRegion = English;
			hasScannedForEncodings = 0;
			knownRegions = (
				en,
				Base,
			);
			mainGroup = B1CC1BD71CC924EC0094A54D;
			productRefGroup = B1CC1BE11CC924EC0094A54D /* Products */;
			projectDirPath = "";
			projectRoot = "";
			targets = (
				B1CC1BDF1CC924EC0094A54D /* MyStudyCards */,
			);
		};
/* End PBXProject section */

/* Begin PBXResourcesBuildPhase section */
		B1CC1BDE1CC924EC0094A54D /* Resources */ = {
			isa = PBXResourcesBuildPhase;
			buildActionMask = 2147483647;
			files = (
				B1CC1BEE1CC924EC0094A54D /* LaunchScreen.storyboard in Resources */,
				B1CC1BEB1CC924EC0094A54D /* Assets.xcassets in Resources */,
				B1CC1BE91CC924EC0094A54D /* Main.storyboard in Resources */,
			);
			runOnlyForDeploymentPostprocessing = 0;
		};
/* End PBXResourcesBuildPhase section */

/* Begin PBXSourcesBuildPhase section */
		B1CC1BDC1CC924EC0094A54D /* Sources */ = {
			isa = PBXSourcesBuildPhase;
			buildActionMask = 2147483647;
			files = (
				C7D2AF5B1CD264D40087B77A /* MyDecksViewController.swift in Sources */,
				C7D2AF571CD2646F0087B77A /* MyStudyCardsViewController.swift in Sources */,
				C7D2AF5F1CD265030087B77A /* CreateACardViewController.swift in Sources */,
				C7D2AF611CD265300087B77A /* StudyViewViewController.swift in Sources */,
				B1CC1BE61CC924EC0094A54D /* ViewController.swift in Sources */,
				B1CC1BE41CC924EC0094A54D /* AppDelegate.swift in Sources */,
				C7D2AF631CD26DAC0087B77A /* Utilities.swift in Sources */,
				B1A5F6201CD27E58009DDC6D /* StudyViewFlipsideViewController.swift in Sources */,
				C7D2AF591CD264B60087B77A /* CreateAStudySessionViewController.swift in Sources */,
				C7D2AF5D1CD264E90087B77A /* CreateADeckViewController.swift in Sources */,
				B1A5F6241CD28CA2009DDC6D /* ResultsScreenViewController.swift in Sources */,
			);
			runOnlyForDeploymentPostprocessing = 0;
		};
/* End PBXSourcesBuildPhase section */

/* Begin PBXVariantGroup section */
		B1CC1BE71CC924EC0094A54D /* Main.storyboard */ = {
			isa = PBXVariantGroup;
			children = (
				B1CC1BE81CC924EC0094A54D /* Base */,
			);
			name = Main.storyboard;
			sourceTree = "<group>";
		};
		B1CC1BEC1CC924EC0094A54D /* LaunchScreen.storyboard */ = {
			isa = PBXVariantGroup;
			children = (
				B1CC1BED1CC924EC0094A54D /* Base */,
			);
			name = LaunchScreen.storyboard;
			sourceTree = "<group>";
		};
/* End PBXVariantGroup section */

/* Begin XCBuildConfiguration section */
		B1CC1BF01CC924EC0094A54D /* Debug */ = {
			isa = XCBuildConfiguration;
			buildSettings = {
				ALWAYS_SEARCH_USER_PATHS = NO;
				CLANG_ANALYZER_NONNULL = YES;
				CLANG_CXX_LANGUAGE_STANDARD = "gnu++0x";
				CLANG_CXX_LIBRARY = "libc++";
				CLANG_ENABLE_MODULES = YES;
				CLANG_ENABLE_OBJC_ARC = YES;
				CLANG_WARN_BOOL_CONVERSION = YES;
				CLANG_WARN_CONSTANT_CONVERSION = YES;
				CLANG_WARN_DIRECT_OBJC_ISA_USAGE = YES_ERROR;
				CLANG_WARN_EMPTY_BODY = YES;
				CLANG_WARN_ENUM_CONVERSION = YES;
				CLANG_WARN_INT_CONVERSION = YES;
				CLANG_WARN_OBJC_ROOT_CLASS = YES_ERROR;
				CLANG_WARN_UNREACHABLE_CODE = YES;
				CLANG_WARN__DUPLICATE_METHOD_MATCH = YES;
				"CODE_SIGN_IDENTITY[sdk=iphoneos*]" = "iPhone Developer";
				COPY_PHASE_STRIP = NO;
				DEBUG_INFORMATION_FORMAT = dwarf;
				ENABLE_STRICT_OBJC_MSGSEND = YES;
				ENABLE_TESTABILITY = YES;
				GCC_C_LANGUAGE_STANDARD = gnu99;
				GCC_DYNAMIC_NO_PIC = NO;
				GCC_NO_COMMON_BLOCKS = YES;
				GCC_OPTIMIZATION_LEVEL = 0;
				GCC_PREPROCESSOR_DEFINITIONS = (
					"DEBUG=1",
					"$(inherited)",
				);
				GCC_WARN_64_TO_32_BIT_CONVERSION = YES;
				GCC_WARN_ABOUT_RETURN_TYPE = YES_ERROR;
				GCC_WARN_UNDECLARED_SELECTOR = YES;
				GCC_WARN_UNINITIALIZED_AUTOS = YES_AGGRESSIVE;
				GCC_WARN_UNUSED_FUNCTION = YES;
				GCC_WARN_UNUSED_VARIABLE = YES;
				IPHONEOS_DEPLOYMENT_TARGET = 9.3;
				MTL_ENABLE_DEBUG_INFO = YES;
				ONLY_ACTIVE_ARCH = YES;
				SDKROOT = iphoneos;
				SWIFT_OPTIMIZATION_LEVEL = "-Onone";
			};
			name = Debug;
		};
		B1CC1BF11CC924EC0094A54D /* Release */ = {
			isa = XCBuildConfiguration;
			buildSettings = {
				ALWAYS_SEARCH_USER_PATHS = NO;
				CLANG_ANALYZER_NONNULL = YES;
				CLANG_CXX_LANGUAGE_STANDARD = "gnu++0x";
				CLANG_CXX_LIBRARY = "libc++";
				CLANG_ENABLE_MODULES = YES;
				CLANG_ENABLE_OBJC_ARC = YES;
				CLANG_WARN_BOOL_CONVERSION = YES;
				CLANG_WARN_CONSTANT_CONVERSION = YES;
				CLANG_WARN_DIRECT_OBJC_ISA_USAGE = YES_ERROR;
				CLANG_WARN_EMPTY_BODY = YES;
				CLANG_WARN_ENUM_CONVERSION = YES;
				CLANG_WARN_INT_CONVERSION = YES;
				CLANG_WARN_OBJC_ROOT_CLASS = YES_ERROR;
				CLANG_WARN_UNREACHABLE_CODE = YES;
				CLANG_WARN__DUPLICATE_METHOD_MATCH = YES;
				"CODE_SIGN_IDENTITY[sdk=iphoneos*]" = "iPhone Developer";
				COPY_PHASE_STRIP = NO;
				DEBUG_INFORMATION_FORMAT = "dwarf-with-dsym";
				ENABLE_NS_ASSERTIONS = NO;
				ENABLE_STRICT_OBJC_MSGSEND = YES;
				GCC_C_LANGUAGE_STANDARD = gnu99;
				GCC_NO_COMMON_BLOCKS = YES;
				GCC_WARN_64_TO_32_BIT_CONVERSION = YES;
				GCC_WARN_ABOUT_RETURN_TYPE = YES_ERROR;
				GCC_WARN_UNDECLARED_SELECTOR = YES;
				GCC_WARN_UNINITIALIZED_AUTOS = YES_AGGRESSIVE;
				GCC_WARN_UNUSED_FUNCTION = YES;
				GCC_WARN_UNUSED_VARIABLE = YES;
				IPHONEOS_DEPLOYMENT_TARGET = 9.3;
				MTL_ENABLE_DEBUG_INFO = NO;
				SDKROOT = iphoneos;
				VALIDATE_PRODUCT = YES;
			};
			name = Release;
		};
		B1CC1BF31CC924EC0094A54D /* Debug */ = {
			isa = XCBuildConfiguration;
			buildSettings = {
				ASSETCATALOG_COMPILER_APPICON_NAME = AppIcon;
				INFOPLIST_FILE = MyStudyCards/Info.plist;
				IPHONEOS_DEPLOYMENT_TARGET = 9.2;
				LD_RUNPATH_SEARCH_PATHS = "$(inherited) @executable_path/Frameworks";
				PRODUCT_BUNDLE_IDENTIFIER = edu.msoe.se4910i.team1.MyStudyCards;
				PRODUCT_NAME = "$(TARGET_NAME)";
			};
			name = Debug;
		};
		B1CC1BF41CC924EC0094A54D /* Release */ = {
			isa = XCBuildConfiguration;
			buildSettings = {
				ASSETCATALOG_COMPILER_APPICON_NAME = AppIcon;
				INFOPLIST_FILE = MyStudyCards/Info.plist;
				IPHONEOS_DEPLOYMENT_TARGET = 9.2;
				LD_RUNPATH_SEARCH_PATHS = "$(inherited) @executable_path/Frameworks";
				PRODUCT_BUNDLE_IDENTIFIER = edu.msoe.se4910i.team1.MyStudyCards;
				PRODUCT_NAME = "$(TARGET_NAME)";
			};
			name = Release;
		};
/* End XCBuildConfiguration section */

/* Begin XCConfigurationList section */
		B1CC1BDB1CC924EC0094A54D /* Build configuration list for PBXProject "MyStudyCards" */ = {
			isa = XCConfigurationList;
			buildConfigurations = (
				B1CC1BF01CC924EC0094A54D /* Debug */,
				B1CC1BF11CC924EC0094A54D /* Release */,
			);
			defaultConfigurationIsVisible = 0;
			defaultConfigurationName = Release;
		};
		B1CC1BF21CC924EC0094A54D /* Build configuration list for PBXNativeTarget "MyStudyCards" */ = {
			isa = XCConfigurationList;
			buildConfigurations = (
				B1CC1BF31CC924EC0094A54D /* Debug */,
				B1CC1BF41CC924EC0094A54D /* Release */,
			);
			defaultConfigurationIsVisible = 0;
			defaultConfigurationName = Release;
		};
/* End XCConfigurationList section */
	};
	rootObject = B1CC1BD81CC924EC0094A54D /* Project object */;
}
